{
    "version": 3,
    "terraform_version": "0.10.2",
    "serial": 20,
    "lineage": "c885754c-9113-4b65-af4e-e0f4dd831d77",
    "modules": [
        {
            "path": [
                "root"
            ],
            "outputs": {},
            "resources": {
                "aws_route53_record.dev-ns": {
                    "type": "aws_route53_record",
                    "depends_on": [
                        "aws_route53_zone.dev",
                        "aws_route53_zone.main"
                    ],
                    "primary": {
                        "id": "Z2XIY4DWXX8JHZ_dev.ptest.us_NS",
                        "attributes": {
                            "fqdn": "dev.ptest.us",
                            "health_check_id": "",
                            "id": "Z2XIY4DWXX8JHZ_dev.ptest.us_NS",
                            "name": "dev.ptest.us",
                            "records.#": "4",
                            "records.246870218": "ns-1048.awsdns-03.org",
                            "records.2638198508": "ns-439.awsdns-54.com",
                            "records.2679378955": "ns-1553.awsdns-02.co.uk",
                            "records.938531078": "ns-653.awsdns-17.net",
                            "set_identifier": "",
                            "ttl": "30",
                            "type": "NS",
                            "zone_id": "Z2XIY4DWXX8JHZ"
                        },
                        "meta": {
                            "schema_version": "2"
                        },
                        "tainted": false
                    },
                    "deposed": [],
                    "provider": ""
                },
                "aws_route53_zone.dev": {
                    "type": "aws_route53_zone",
                    "depends_on": [],
                    "primary": {
                        "id": "Z2XY62T4IHP7RI",
                        "attributes": {
                            "comment": "Managed by Terraform",
                            "force_destroy": "false",
                            "id": "Z2XY62T4IHP7RI",
                            "name": "dev.ptest.us",
                            "name_servers.#": "4",
                            "name_servers.0": "ns-1048.awsdns-03.org",
                            "name_servers.1": "ns-1553.awsdns-02.co.uk",
                            "name_servers.2": "ns-439.awsdns-54.com",
                            "name_servers.3": "ns-653.awsdns-17.net",
                            "tags.%": "3",
                            "tags.Environment": "DEV",
                            "tags.Name": "stack",
                            "tags.Terraform": "true",
                            "zone_id": "Z2XY62T4IHP7RI"
                        },
                        "meta": {},
                        "tainted": false
                    },
                    "deposed": [],
                    "provider": ""
                },
                "aws_route53_zone.main": {
                    "type": "aws_route53_zone",
                    "depends_on": [],
                    "primary": {
                        "id": "Z2XIY4DWXX8JHZ",
                        "attributes": {
                            "comment": "Managed by Terraform",
                            "force_destroy": "false",
                            "id": "Z2XIY4DWXX8JHZ",
                            "name": "ptest.us",
                            "name_servers.#": "4",
                            "name_servers.0": "ns-1491.awsdns-58.org",
                            "name_servers.1": "ns-1964.awsdns-53.co.uk",
                            "name_servers.2": "ns-238.awsdns-29.com",
                            "name_servers.3": "ns-820.awsdns-38.net",
                            "tags.%": "0",
                            "zone_id": "Z2XIY4DWXX8JHZ"
                        },
                        "meta": {},
                        "tainted": false
                    },
                    "deposed": [],
                    "provider": ""
                },
                "aws_vpc_dhcp_options.dev": {
                    "type": "aws_vpc_dhcp_options",
                    "depends_on": [],
                    "primary": {
                        "id": "dopt-6210db04",
                        "attributes": {
                            "domain_name": "dev.ptest.us",
                            "id": "dopt-6210db04",
                            "tags.%": "3",
                            "tags.Environment": "DEV",
                            "tags.Name": "stack",
                            "tags.Terraform": "true"
                        },
                        "meta": {},
                        "tainted": false
                    },
                    "deposed": [],
                    "provider": ""
                },
                "aws_vpc_dhcp_options_association.dns_resolver": {
                    "type": "aws_vpc_dhcp_options_association",
                    "depends_on": [
                        "aws_vpc_dhcp_options.dev",
                        "module.vpc"
                    ],
                    "primary": {
                        "id": "dopt-6210db04-vpc-34b23852",
                        "attributes": {
                            "dhcp_options_id": "dopt-6210db04",
                            "id": "dopt-6210db04-vpc-34b23852",
                            "vpc_id": "vpc-34b23852"
                        },
                        "meta": {},
                        "tainted": false
                    },
                    "deposed": [],
                    "provider": ""
                }
            },
            "depends_on": []
        },
        {
            "path": [
                "root",
                "sg_ssh"
            ],
            "outputs": {
                "security_group_id_ssh": {
                    "sensitive": false,
                    "type": "string",
                    "value": "sg-95b5b0ef"
                }
            },
            "resources": {
                "aws_security_group.main_security_group": {
                    "type": "aws_security_group",
                    "depends_on": [],
                    "primary": {
                        "id": "sg-95b5b0ef",
                        "attributes": {
                            "description": "tf-sg-stack-ssh",
                            "egress.#": "0",
                            "id": "sg-95b5b0ef",
                            "ingress.#": "1",
                            "ingress.2541437006.cidr_blocks.#": "1",
                            "ingress.2541437006.cidr_blocks.0": "0.0.0.0/0",
                            "ingress.2541437006.from_port": "22",
                            "ingress.2541437006.ipv6_cidr_blocks.#": "0",
                            "ingress.2541437006.protocol": "tcp",
                            "ingress.2541437006.security_groups.#": "0",
                            "ingress.2541437006.self": "false",
                            "ingress.2541437006.to_port": "22",
                            "name": "stack-ssh",
                            "owner_id": "405322537961",
                            "tags.%": "0",
                            "vpc_id": "vpc-34b23852"
                        },
                        "meta": {},
                        "tainted": false
                    },
                    "deposed": [],
                    "provider": ""
                },
                "aws_security_group_rule.ingress_tcp_22_cidr": {
                    "type": "aws_security_group_rule",
                    "depends_on": [
                        "aws_security_group.main_security_group"
                    ],
                    "primary": {
                        "id": "sgrule-321649421",
                        "attributes": {
                            "cidr_blocks.#": "1",
                            "cidr_blocks.0": "0.0.0.0/0",
                            "from_port": "22",
                            "id": "sgrule-321649421",
                            "ipv6_cidr_blocks.#": "0",
                            "prefix_list_ids.#": "0",
                            "protocol": "tcp",
                            "security_group_id": "sg-95b5b0ef",
                            "self": "false",
                            "to_port": "22",
                            "type": "ingress"
                        },
                        "meta": {
                            "schema_version": "2"
                        },
                        "tainted": false
                    },
                    "deposed": [],
                    "provider": ""
                }
            },
            "depends_on": []
        },
        {
            "path": [
                "root",
                "sg_web"
            ],
            "outputs": {
                "security_group_id_web": {
                    "sensitive": false,
                    "type": "string",
                    "value": "sg-23b1b459"
                }
            },
            "resources": {
                "aws_security_group.main_security_group": {
                    "type": "aws_security_group",
                    "depends_on": [],
                    "primary": {
                        "id": "sg-23b1b459",
                        "attributes": {
                            "description": "tf-sg-stack-web",
                            "egress.#": "1",
                            "egress.482069346.cidr_blocks.#": "1",
                            "egress.482069346.cidr_blocks.0": "0.0.0.0/0",
                            "egress.482069346.from_port": "0",
                            "egress.482069346.ipv6_cidr_blocks.#": "0",
                            "egress.482069346.prefix_list_ids.#": "0",
                            "egress.482069346.protocol": "-1",
                            "egress.482069346.security_groups.#": "0",
                            "egress.482069346.self": "false",
                            "egress.482069346.to_port": "0",
                            "id": "sg-23b1b459",
                            "ingress.#": "5",
                            "ingress.200364841.cidr_blocks.#": "1",
                            "ingress.200364841.cidr_blocks.0": "0.0.0.0/0",
                            "ingress.200364841.from_port": "1099",
                            "ingress.200364841.ipv6_cidr_blocks.#": "0",
                            "ingress.200364841.protocol": "tcp",
                            "ingress.200364841.security_groups.#": "0",
                            "ingress.200364841.self": "false",
                            "ingress.200364841.to_port": "1099",
                            "ingress.2214680975.cidr_blocks.#": "1",
                            "ingress.2214680975.cidr_blocks.0": "0.0.0.0/0",
                            "ingress.2214680975.from_port": "80",
                            "ingress.2214680975.ipv6_cidr_blocks.#": "0",
                            "ingress.2214680975.protocol": "tcp",
                            "ingress.2214680975.security_groups.#": "0",
                            "ingress.2214680975.self": "false",
                            "ingress.2214680975.to_port": "80",
                            "ingress.2617001939.cidr_blocks.#": "1",
                            "ingress.2617001939.cidr_blocks.0": "0.0.0.0/0",
                            "ingress.2617001939.from_port": "443",
                            "ingress.2617001939.ipv6_cidr_blocks.#": "0",
                            "ingress.2617001939.protocol": "tcp",
                            "ingress.2617001939.security_groups.#": "0",
                            "ingress.2617001939.self": "false",
                            "ingress.2617001939.to_port": "443",
                            "ingress.516175195.cidr_blocks.#": "1",
                            "ingress.516175195.cidr_blocks.0": "0.0.0.0/0",
                            "ingress.516175195.from_port": "8080",
                            "ingress.516175195.ipv6_cidr_blocks.#": "0",
                            "ingress.516175195.protocol": "tcp",
                            "ingress.516175195.security_groups.#": "0",
                            "ingress.516175195.self": "false",
                            "ingress.516175195.to_port": "8080",
                            "ingress.753360330.cidr_blocks.#": "0",
                            "ingress.753360330.from_port": "0",
                            "ingress.753360330.ipv6_cidr_blocks.#": "0",
                            "ingress.753360330.protocol": "-1",
                            "ingress.753360330.security_groups.#": "0",
                            "ingress.753360330.self": "true",
                            "ingress.753360330.to_port": "0",
                            "name": "stack-web",
                            "owner_id": "405322537961",
                            "tags.%": "0",
                            "vpc_id": "vpc-34b23852"
                        },
                        "meta": {},
                        "tainted": false
                    },
                    "deposed": [],
                    "provider": ""
                },
                "aws_security_group_rule.egress_all_all_all": {
                    "type": "aws_security_group_rule",
                    "depends_on": [
                        "aws_security_group.main_security_group"
                    ],
                    "primary": {
                        "id": "sgrule-1378797591",
                        "attributes": {
                            "cidr_blocks.#": "1",
                            "cidr_blocks.0": "0.0.0.0/0",
                            "from_port": "0",
                            "id": "sgrule-1378797591",
                            "ipv6_cidr_blocks.#": "0",
                            "prefix_list_ids.#": "0",
                            "protocol": "-1",
                            "security_group_id": "sg-23b1b459",
                            "self": "false",
                            "to_port": "0",
                            "type": "egress"
                        },
                        "meta": {
                            "schema_version": "2"
                        },
                        "tainted": false
                    },
                    "deposed": [],
                    "provider": ""
                },
                "aws_security_group_rule.ingress_any_any_self": {
                    "type": "aws_security_group_rule",
                    "depends_on": [
                        "aws_security_group.main_security_group"
                    ],
                    "primary": {
                        "id": "sgrule-1352800141",
                        "attributes": {
                            "cidr_blocks.#": "0",
                            "from_port": "0",
                            "id": "sgrule-1352800141",
                            "ipv6_cidr_blocks.#": "0",
                            "prefix_list_ids.#": "0",
                            "protocol": "-1",
                            "security_group_id": "sg-23b1b459",
                            "self": "true",
                            "source_security_group_id": "sg-23b1b459",
                            "to_port": "65535",
                            "type": "ingress"
                        },
                        "meta": {
                            "schema_version": "2"
                        },
                        "tainted": false
                    },
                    "deposed": [],
                    "provider": ""
                },
                "aws_security_group_rule.ingress_tcp_1099_cidr": {
                    "type": "aws_security_group_rule",
                    "depends_on": [
                        "aws_security_group.main_security_group"
                    ],
                    "primary": {
                        "id": "sgrule-2554249416",
                        "attributes": {
                            "cidr_blocks.#": "1",
                            "cidr_blocks.0": "0.0.0.0/0",
                            "from_port": "1099",
                            "id": "sgrule-2554249416",
                            "ipv6_cidr_blocks.#": "0",
                            "prefix_list_ids.#": "0",
                            "protocol": "tcp",
                            "security_group_id": "sg-23b1b459",
                            "self": "false",
                            "to_port": "1099",
                            "type": "ingress"
                        },
                        "meta": {
                            "schema_version": "2"
                        },
                        "tainted": false
                    },
                    "deposed": [],
                    "provider": ""
                },
                "aws_security_group_rule.ingress_tcp_443_cidr": {
                    "type": "aws_security_group_rule",
                    "depends_on": [
                        "aws_security_group.main_security_group"
                    ],
                    "primary": {
                        "id": "sgrule-1979400379",
                        "attributes": {
                            "cidr_blocks.#": "1",
                            "cidr_blocks.0": "0.0.0.0/0",
                            "from_port": "443",
                            "id": "sgrule-1979400379",
                            "ipv6_cidr_blocks.#": "0",
                            "prefix_list_ids.#": "0",
                            "protocol": "tcp",
                            "security_group_id": "sg-23b1b459",
                            "self": "false",
                            "to_port": "443",
                            "type": "ingress"
                        },
                        "meta": {
                            "schema_version": "2"
                        },
                        "tainted": false
                    },
                    "deposed": [],
                    "provider": ""
                },
                "aws_security_group_rule.ingress_tcp_8080_cidr": {
                    "type": "aws_security_group_rule",
                    "depends_on": [
                        "aws_security_group.main_security_group"
                    ],
                    "primary": {
                        "id": "sgrule-568724196",
                        "attributes": {
                            "cidr_blocks.#": "1",
                            "cidr_blocks.0": "0.0.0.0/0",
                            "from_port": "8080",
                            "id": "sgrule-568724196",
                            "ipv6_cidr_blocks.#": "0",
                            "prefix_list_ids.#": "0",
                            "protocol": "tcp",
                            "security_group_id": "sg-23b1b459",
                            "self": "false",
                            "to_port": "8080",
                            "type": "ingress"
                        },
                        "meta": {
                            "schema_version": "2"
                        },
                        "tainted": false
                    },
                    "deposed": [],
                    "provider": ""
                },
                "aws_security_group_rule.ingress_tcp_80_cidr": {
                    "type": "aws_security_group_rule",
                    "depends_on": [
                        "aws_security_group.main_security_group"
                    ],
                    "primary": {
                        "id": "sgrule-221926664",
                        "attributes": {
                            "cidr_blocks.#": "1",
                            "cidr_blocks.0": "0.0.0.0/0",
                            "from_port": "80",
                            "id": "sgrule-221926664",
                            "ipv6_cidr_blocks.#": "0",
                            "prefix_list_ids.#": "0",
                            "protocol": "tcp",
                            "security_group_id": "sg-23b1b459",
                            "self": "false",
                            "to_port": "80",
                            "type": "ingress"
                        },
                        "meta": {
                            "schema_version": "2"
                        },
                        "tainted": false
                    },
                    "deposed": [],
                    "provider": ""
                }
            },
            "depends_on": []
        },
        {
            "path": [
                "root",
                "vpc"
            ],
            "outputs": {
                "database_subnets": {
                    "sensitive": false,
                    "type": "list",
                    "value": []
                },
                "default_security_group_id": {
                    "sensitive": false,
                    "type": "string",
                    "value": "sg-d0b1b4aa"
                },
                "elasticache_subnets": {
                    "sensitive": false,
                    "type": "list",
                    "value": []
                },
                "igw_id": {
                    "sensitive": false,
                    "type": "string",
                    "value": "igw-5b33443c"
                },
                "nat_eips": {
                    "sensitive": false,
                    "type": "list",
                    "value": [
                        "eipalloc-d4e036e9"
                    ]
                },
                "nat_eips_public_ips": {
                    "sensitive": false,
                    "type": "list",
                    "value": [
                        "35.166.111.119"
                    ]
                },
                "natgw_ids": {
                    "sensitive": false,
                    "type": "list",
                    "value": [
                        "nat-08d0bdec8a494be68"
                    ]
                },
                "private_route_table_ids": {
                    "sensitive": false,
                    "type": "list",
                    "value": [
                        "rtb-9fea02e6"
                    ]
                },
                "private_subnets": {
                    "sensitive": false,
                    "type": "list",
                    "value": [
                        "subnet-7aa5001c"
                    ]
                },
                "public_route_table_ids": {
                    "sensitive": false,
                    "type": "list",
                    "value": [
                        "rtb-f3ea028a"
                    ]
                },
                "public_subnets": {
                    "sensitive": false,
                    "type": "list",
                    "value": [
                        "subnet-71d87d17"
                    ]
                },
                "vpc_id": {
                    "sensitive": false,
                    "type": "string",
                    "value": "vpc-34b23852"
                }
            },
            "resources": {
                "aws_eip.nateip": {
                    "type": "aws_eip",
                    "depends_on": [],
                    "primary": {
                        "id": "eipalloc-d4e036e9",
                        "attributes": {
                            "association_id": "eipassoc-51066e6d",
                            "domain": "vpc",
                            "id": "eipalloc-d4e036e9",
                            "instance": "",
                            "network_interface": "eni-b0c22f9e",
                            "private_ip": "10.0.114.182",
                            "public_ip": "35.166.111.119",
                            "vpc": "true"
                        },
                        "meta": {},
                        "tainted": false
                    },
                    "deposed": [],
                    "provider": ""
                },
                "aws_internet_gateway.mod": {
                    "type": "aws_internet_gateway",
                    "depends_on": [
                        "aws_vpc.mod"
                    ],
                    "primary": {
                        "id": "igw-5b33443c",
                        "attributes": {
                            "id": "igw-5b33443c",
                            "tags.%": "3",
                            "tags.Environment": "DEV",
                            "tags.Name": "stack-igw",
                            "tags.Terraform": "true",
                            "vpc_id": "vpc-34b23852"
                        },
                        "meta": {},
                        "tainted": false
                    },
                    "deposed": [],
                    "provider": ""
                },
                "aws_nat_gateway.natgw": {
                    "type": "aws_nat_gateway",
                    "depends_on": [
                        "aws_eip.nateip.*",
                        "aws_internet_gateway.mod",
                        "aws_subnet.public.*"
                    ],
                    "primary": {
                        "id": "nat-08d0bdec8a494be68",
                        "attributes": {
                            "allocation_id": "eipalloc-d4e036e9",
                            "id": "nat-08d0bdec8a494be68",
                            "network_interface_id": "eni-b0c22f9e",
                            "private_ip": "10.0.114.182",
                            "public_ip": "35.166.111.119",
                            "subnet_id": "subnet-71d87d17"
                        },
                        "meta": {},
                        "tainted": false
                    },
                    "deposed": [],
                    "provider": ""
                },
                "aws_route.private_nat_gateway": {
                    "type": "aws_route",
                    "depends_on": [
                        "aws_nat_gateway.natgw.*",
                        "aws_route_table.private.*"
                    ],
                    "primary": {
                        "id": "r-rtb-9fea02e61080289494",
                        "attributes": {
                            "destination_cidr_block": "0.0.0.0/0",
                            "destination_prefix_list_id": "",
                            "egress_only_gateway_id": "",
                            "gateway_id": "",
                            "id": "r-rtb-9fea02e61080289494",
                            "instance_id": "",
                            "instance_owner_id": "",
                            "nat_gateway_id": "nat-08d0bdec8a494be68",
                            "network_interface_id": "",
                            "origin": "CreateRoute",
                            "route_table_id": "rtb-9fea02e6",
                            "state": "active",
                            "vpc_peering_connection_id": ""
                        },
                        "meta": {},
                        "tainted": false
                    },
                    "deposed": [],
                    "provider": ""
                },
                "aws_route.public_internet_gateway": {
                    "type": "aws_route",
                    "depends_on": [
                        "aws_internet_gateway.mod",
                        "aws_route_table.public"
                    ],
                    "primary": {
                        "id": "r-rtb-f3ea028a1080289494",
                        "attributes": {
                            "destination_cidr_block": "0.0.0.0/0",
                            "destination_prefix_list_id": "",
                            "egress_only_gateway_id": "",
                            "gateway_id": "igw-5b33443c",
                            "id": "r-rtb-f3ea028a1080289494",
                            "instance_id": "",
                            "instance_owner_id": "",
                            "nat_gateway_id": "",
                            "network_interface_id": "",
                            "origin": "CreateRoute",
                            "route_table_id": "rtb-f3ea028a",
                            "state": "active",
                            "vpc_peering_connection_id": ""
                        },
                        "meta": {},
                        "tainted": false
                    },
                    "deposed": [],
                    "provider": ""
                },
                "aws_route_table.private": {
                    "type": "aws_route_table",
                    "depends_on": [
                        "aws_vpc.mod"
                    ],
                    "primary": {
                        "id": "rtb-9fea02e6",
                        "attributes": {
                            "id": "rtb-9fea02e6",
                            "propagating_vgws.#": "0",
                            "route.#": "1",
                            "route.2548378931.cidr_block": "0.0.0.0/0",
                            "route.2548378931.egress_only_gateway_id": "",
                            "route.2548378931.gateway_id": "",
                            "route.2548378931.instance_id": "",
                            "route.2548378931.ipv6_cidr_block": "",
                            "route.2548378931.nat_gateway_id": "nat-08d0bdec8a494be68",
                            "route.2548378931.network_interface_id": "",
                            "route.2548378931.vpc_peering_connection_id": "",
                            "tags.%": "3",
                            "tags.Environment": "DEV",
                            "tags.Name": "stack-rt-private-us-west-2a",
                            "tags.Terraform": "true",
                            "vpc_id": "vpc-34b23852"
                        },
                        "meta": {},
                        "tainted": false
                    },
                    "deposed": [],
                    "provider": ""
                },
                "aws_route_table.public": {
                    "type": "aws_route_table",
                    "depends_on": [
                        "aws_vpc.mod"
                    ],
                    "primary": {
                        "id": "rtb-f3ea028a",
                        "attributes": {
                            "id": "rtb-f3ea028a",
                            "propagating_vgws.#": "0",
                            "route.#": "1",
                            "route.2855082389.cidr_block": "0.0.0.0/0",
                            "route.2855082389.egress_only_gateway_id": "",
                            "route.2855082389.gateway_id": "igw-5b33443c",
                            "route.2855082389.instance_id": "",
                            "route.2855082389.ipv6_cidr_block": "",
                            "route.2855082389.nat_gateway_id": "",
                            "route.2855082389.network_interface_id": "",
                            "route.2855082389.vpc_peering_connection_id": "",
                            "tags.%": "3",
                            "tags.Environment": "DEV",
                            "tags.Name": "stack-rt-public",
                            "tags.Terraform": "true",
                            "vpc_id": "vpc-34b23852"
                        },
                        "meta": {},
                        "tainted": false
                    },
                    "deposed": [],
                    "provider": ""
                },
                "aws_route_table_association.private": {
                    "type": "aws_route_table_association",
                    "depends_on": [
                        "aws_route_table.private.*",
                        "aws_subnet.private.*"
                    ],
                    "primary": {
                        "id": "rtbassoc-6438911c",
                        "attributes": {
                            "id": "rtbassoc-6438911c",
                            "route_table_id": "rtb-9fea02e6",
                            "subnet_id": "subnet-7aa5001c"
                        },
                        "meta": {},
                        "tainted": false
                    },
                    "deposed": [],
                    "provider": ""
                },
                "aws_route_table_association.public": {
                    "type": "aws_route_table_association",
                    "depends_on": [
                        "aws_route_table.public",
                        "aws_subnet.public.*"
                    ],
                    "primary": {
                        "id": "rtbassoc-b83990c0",
                        "attributes": {
                            "id": "rtbassoc-b83990c0",
                            "route_table_id": "rtb-f3ea028a",
                            "subnet_id": "subnet-71d87d17"
                        },
                        "meta": {},
                        "tainted": false
                    },
                    "deposed": [],
                    "provider": ""
                },
                "aws_subnet.private": {
                    "type": "aws_subnet",
                    "depends_on": [
                        "aws_vpc.mod"
                    ],
                    "primary": {
                        "id": "subnet-7aa5001c",
                        "attributes": {
                            "assign_ipv6_address_on_creation": "false",
                            "availability_zone": "us-west-2a",
                            "cidr_block": "10.0.128.0/19",
                            "id": "subnet-7aa5001c",
                            "map_public_ip_on_launch": "false",
                            "tags.%": "3",
                            "tags.Environment": "DEV",
                            "tags.Name": "stack-subnet-private-us-west-2a",
                            "tags.Terraform": "true",
                            "vpc_id": "vpc-34b23852"
                        },
                        "meta": {
                            "schema_version": "1"
                        },
                        "tainted": false
                    },
                    "deposed": [],
                    "provider": ""
                },
                "aws_subnet.public": {
                    "type": "aws_subnet",
                    "depends_on": [
                        "aws_vpc.mod"
                    ],
                    "primary": {
                        "id": "subnet-71d87d17",
                        "attributes": {
                            "assign_ipv6_address_on_creation": "false",
                            "availability_zone": "us-west-2a",
                            "cidr_block": "10.0.64.0/18",
                            "id": "subnet-71d87d17",
                            "map_public_ip_on_launch": "true",
                            "tags.%": "3",
                            "tags.Environment": "DEV",
                            "tags.Name": "stack-subnet-public-us-west-2a",
                            "tags.Terraform": "true",
                            "vpc_id": "vpc-34b23852"
                        },
                        "meta": {
                            "schema_version": "1"
                        },
                        "tainted": false
                    },
                    "deposed": [],
                    "provider": ""
                },
                "aws_vpc.mod": {
                    "type": "aws_vpc",
                    "depends_on": [],
                    "primary": {
                        "id": "vpc-34b23852",
                        "attributes": {
                            "assign_generated_ipv6_cidr_block": "false",
                            "cidr_block": "10.0.0.0/16",
                            "default_network_acl_id": "acl-22456444",
                            "default_route_table_id": "rtb-d1eb03a8",
                            "default_security_group_id": "sg-d0b1b4aa",
                            "dhcp_options_id": "default",
                            "enable_classiclink": "false",
                            "enable_classiclink_dns_support": "false",
                            "enable_dns_hostnames": "false",
                            "enable_dns_support": "false",
                            "id": "vpc-34b23852",
                            "instance_tenancy": "default",
                            "main_route_table_id": "rtb-d1eb03a8",
                            "tags.%": "3",
                            "tags.Environment": "DEV",
                            "tags.Name": "stack",
                            "tags.Terraform": "true"
                        },
                        "meta": {
                            "schema_version": "1"
                        },
                        "tainted": false
                    },
                    "deposed": [],
                    "provider": ""
                },
                "data.aws_vpc_endpoint_service.s3": {
                    "type": "aws_vpc_endpoint_service",
                    "depends_on": [],
                    "primary": {
                        "id": "526544209",
                        "attributes": {
                            "id": "526544209",
                            "service": "s3",
                            "service_name": "com.amazonaws.us-west-2.s3"
                        },
                        "meta": {},
                        "tainted": false
                    },
                    "deposed": [],
                    "provider": ""
                }
            },
            "depends_on": []
        }
    ]
}
